<?xml version="1.0" encoding="UTF-8"?>
<!DOCTYPE plist PUBLIC "-//Apple//DTD PLIST 1.0//EN" "http://www.apple.com/DTDs/PropertyList-1.0.dtd">
<plist version="1.0">
<dict>
	<key>archiveVersion</key>
	<string>1</string>
	<key>classes</key>
	<dict/>
	<key>objectVersion</key>
	<string>46</string>
	<key>objects</key>
	<dict>
		<key>164B8B8815DF0A640074D85E</key>
		<dict>
			<key>children</key>
			<array>
				<string>164B8B9D15DF0A640074D85E</string>
				<string>164B8B9615DF0A640074D85E</string>
				<string>164B8B9415DF0A640074D85E</string>
				<string>8D795E0F94ED4DF2983613B5</string>
			</array>
			<key>isa</key>
			<string>PBXGroup</string>
			<key>sourceTree</key>
			<string>&lt;group&gt;</string>
		</dict>
		<key>164B8B8A15DF0A640074D85E</key>
		<dict>
			<key>attributes</key>
			<dict>
				<key>CLASSPREFIX</key>
				<string>PM</string>
				<key>LastUpgradeCheck</key>
				<string>0440</string>
				<key>ORGANIZATIONNAME</key>
				<string>Kris Fields</string>
			</dict>
			<key>buildConfigurationList</key>
			<string>164B8B8D15DF0A640074D85E</string>
			<key>compatibilityVersion</key>
			<string>Xcode 3.2</string>
			<key>developmentRegion</key>
			<string>English</string>
			<key>hasScannedForEncodings</key>
			<string>0</string>
			<key>isa</key>
			<string>PBXProject</string>
			<key>knownRegions</key>
			<array>
				<string>en</string>
			</array>
			<key>mainGroup</key>
			<string>164B8B8815DF0A640074D85E</string>
			<key>productRefGroup</key>
			<string>164B8B9415DF0A640074D85E</string>
			<key>projectDirPath</key>
			<string></string>
			<key>projectRoot</key>
			<string></string>
			<key>targets</key>
			<array>
				<string>164B8B9215DF0A640074D85E</string>
			</array>
		</dict>
		<key>164B8B8D15DF0A640074D85E</key>
		<dict>
			<key>buildConfigurations</key>
			<array>
				<string>164B8BAF15DF0A640074D85E</string>
				<string>164B8BB015DF0A640074D85E</string>
			</array>
			<key>defaultConfigurationIsVisible</key>
			<string>0</string>
			<key>defaultConfigurationName</key>
			<string>Release</string>
			<key>isa</key>
			<string>XCConfigurationList</string>
		</dict>
		<key>164B8B8F15DF0A640074D85E</key>
		<dict>
			<key>buildActionMask</key>
			<string>2147483647</string>
			<key>files</key>
			<array>
				<string>164B8BA415DF0A640074D85E</string>
				<string>164B8BA815DF0A640074D85E</string>
				<string>164B8BB715DF0B250074D85E</string>
				<string>164B8BD215DF1D2B0074D85E</string>
				<string>164B8BE615DF2C150074D85E</string>
				<string>166ECE7C15E2CD6A00FE979D</string>
			</array>
			<key>isa</key>
			<string>PBXSourcesBuildPhase</string>
			<key>runOnlyForDeploymentPostprocessing</key>
			<string>0</string>
		</dict>
		<key>164B8B9015DF0A640074D85E</key>
		<dict>
			<key>buildActionMask</key>
			<string>2147483647</string>
			<key>files</key>
			<array>
				<string>164B8BCE15DF0DAB0074D85E</string>
				<string>164B8BCC15DF0DA40074D85E</string>
				<string>164B8BCA15DF0D9E0074D85E</string>
				<string>164B8BC815DF0D980074D85E</string>
				<string>164B8BC615DF0D8F0074D85E</string>
				<string>164B8BC415DF0D860074D85E</string>
				<string>164B8BC215DF0D7A0074D85E</string>
				<string>164B8BC015DF0D6D0074D85E</string>
				<string>164B8B9815DF0A640074D85E</string>
				<string>164B8B9A15DF0A640074D85E</string>
				<string>164B8B9C15DF0A640074D85E</string>
				<string>164B8BBE15DF0D310074D85E</string>
				<string>B39507AED6754064A6C96E65</string>
			</array>
			<key>isa</key>
			<string>PBXFrameworksBuildPhase</string>
			<key>runOnlyForDeploymentPostprocessing</key>
			<string>0</string>
		</dict>
		<key>164B8B9115DF0A640074D85E</key>
		<dict>
			<key>buildActionMask</key>
			<string>2147483647</string>
			<key>files</key>
			<array>
				<string>164B8BA215DF0A640074D85E</string>
				<string>164B8BB815DF0B250074D85E</string>
				<string>164B8BD315DF1D2B0074D85E</string>
				<string>164B8BE715DF2C150074D85E</string>
				<string>166ECE7315E1B27B00FE979D</string>
				<string>166ECE7615E1B28500FE979D</string>
				<string>166ECE7815E1B2A400FE979D</string>
				<string>166ECE7D15E2CD6A00FE979D</string>
				<string>166ECE7F15E2DD0B00FE979D</string>
			</array>
			<key>isa</key>
			<string>PBXResourcesBuildPhase</string>
			<key>runOnlyForDeploymentPostprocessing</key>
			<string>0</string>
		</dict>
		<key>164B8B9215DF0A640074D85E</key>
		<dict>
			<key>buildConfigurationList</key>
			<string>164B8BB115DF0A640074D85E</string>
			<key>buildPhases</key>
			<array>
				<string>164B8B8F15DF0A640074D85E</string>
				<string>164B8B9015DF0A640074D85E</string>
				<string>164B8B9115DF0A640074D85E</string>
				<string>5B0E7B35996D4011B3D5E40D</string>
			</array>
			<key>buildRules</key>
			<array/>
			<key>dependencies</key>
			<array/>
			<key>isa</key>
			<string>PBXNativeTarget</string>
			<key>name</key>
			<string>PollMaster3k</string>
			<key>productName</key>
			<string>PollMaster3k</string>
			<key>productReference</key>
			<string>164B8B9315DF0A640074D85E</string>
			<key>productType</key>
			<string>com.apple.product-type.application</string>
		</dict>
		<key>164B8B9315DF0A640074D85E</key>
		<dict>
			<key>explicitFileType</key>
			<string>wrapper.application</string>
			<key>includeInIndex</key>
			<string>0</string>
			<key>isa</key>
			<string>PBXFileReference</string>
			<key>name</key>
			<string>PollMaster3k.app</string>
			<key>path</key>
			<string>PollMaster3k.app</string>
			<key>sourceTree</key>
			<string>BUILT_PRODUCTS_DIR</string>
		</dict>
		<key>164B8B9415DF0A640074D85E</key>
		<dict>
			<key>children</key>
			<array>
				<string>164B8B9315DF0A640074D85E</string>
			</array>
			<key>isa</key>
			<string>PBXGroup</string>
			<key>name</key>
			<string>Products</string>
			<key>sourceTree</key>
			<string>&lt;group&gt;</string>
		</dict>
		<key>164B8B9615DF0A640074D85E</key>
		<dict>
			<key>children</key>
			<array>
				<string>164B8BCD15DF0DAB0074D85E</string>
				<string>164B8BCB15DF0DA40074D85E</string>
				<string>164B8BC915DF0D9E0074D85E</string>
				<string>164B8BC715DF0D980074D85E</string>
				<string>164B8BC515DF0D8F0074D85E</string>
				<string>164B8BC315DF0D860074D85E</string>
				<string>164B8BC115DF0D7A0074D85E</string>
				<string>164B8BBF15DF0D6D0074D85E</string>
				<string>164B8BBD15DF0D310074D85E</string>
				<string>164B8B9715DF0A640074D85E</string>
				<string>164B8B9915DF0A640074D85E</string>
				<string>164B8B9B15DF0A640074D85E</string>
				<string>70512E4D14164E6B86D87DF3</string>
			</array>
			<key>isa</key>
			<string>PBXGroup</string>
			<key>name</key>
			<string>Frameworks</string>
			<key>sourceTree</key>
			<string>&lt;group&gt;</string>
		</dict>
		<key>164B8B9715DF0A640074D85E</key>
		<dict>
			<key>includeInIndex</key>
			<string>1</string>
			<key>isa</key>
			<string>PBXFileReference</string>
			<key>lastKnownFileType</key>
			<string>wrapper.framework</string>
			<key>name</key>
			<string>UIKit.framework</string>
			<key>path</key>
			<string>System/Library/Frameworks/UIKit.framework</string>
			<key>sourceTree</key>
			<string>SDKROOT</string>
		</dict>
		<key>164B8B9815DF0A640074D85E</key>
		<dict>
			<key>fileRef</key>
			<string>164B8B9715DF0A640074D85E</string>
			<key>isa</key>
			<string>PBXBuildFile</string>
		</dict>
		<key>164B8B9915DF0A640074D85E</key>
		<dict>
			<key>includeInIndex</key>
			<string>1</string>
			<key>isa</key>
			<string>PBXFileReference</string>
			<key>lastKnownFileType</key>
			<string>wrapper.framework</string>
			<key>name</key>
			<string>Foundation.framework</string>
			<key>path</key>
			<string>System/Library/Frameworks/Foundation.framework</string>
			<key>sourceTree</key>
			<string>SDKROOT</string>
		</dict>
		<key>164B8B9A15DF0A640074D85E</key>
		<dict>
			<key>fileRef</key>
			<string>164B8B9915DF0A640074D85E</string>
			<key>isa</key>
			<string>PBXBuildFile</string>
		</dict>
		<key>164B8B9B15DF0A640074D85E</key>
		<dict>
			<key>includeInIndex</key>
			<string>1</string>
			<key>isa</key>
			<string>PBXFileReference</string>
			<key>lastKnownFileType</key>
			<string>wrapper.framework</string>
			<key>name</key>
			<string>CoreGraphics.framework</string>
			<key>path</key>
			<string>System/Library/Frameworks/CoreGraphics.framework</string>
			<key>sourceTree</key>
			<string>SDKROOT</string>
		</dict>
		<key>164B8B9C15DF0A640074D85E</key>
		<dict>
			<key>fileRef</key>
			<string>164B8B9B15DF0A640074D85E</string>
			<key>isa</key>
			<string>PBXBuildFile</string>
		</dict>
		<key>164B8B9D15DF0A640074D85E</key>
		<dict>
			<key>children</key>
			<array>
				<string>166ECE8015E2DD2200FE979D</string>
				<string>164B8BE315DF2C140074D85E</string>
				<string>164B8BE415DF2C140074D85E</string>
				<string>164B8BE515DF2C150074D85E</string>
				<string>164B8BB415DF0B250074D85E</string>
				<string>164B8BB515DF0B250074D85E</string>
				<string>164B8BB615DF0B250074D85E</string>
				<string>164B8BCF15DF1D2A0074D85E</string>
				<string>164B8BD015DF1D2A0074D85E</string>
				<string>164B8BD115DF1D2B0074D85E</string>
				<string>166ECE7915E2CD6A00FE979D</string>
				<string>166ECE7A15E2CD6A00FE979D</string>
				<string>166ECE7B15E2CD6A00FE979D</string>
				<string>164B8BA615DF0A640074D85E</string>
				<string>164B8BA715DF0A640074D85E</string>
				<string>164B8B9E15DF0A640074D85E</string>
			</array>
			<key>isa</key>
			<string>PBXGroup</string>
			<key>path</key>
			<string>PollMaster3k</string>
			<key>sourceTree</key>
			<string>&lt;group&gt;</string>
		</dict>
		<key>164B8B9E15DF0A640074D85E</key>
		<dict>
			<key>children</key>
			<array>
				<string>164B8B9F15DF0A640074D85E</string>
				<string>164B8BA015DF0A640074D85E</string>
				<string>164B8BA315DF0A640074D85E</string>
				<string>164B8BA515DF0A640074D85E</string>
			</array>
			<key>isa</key>
			<string>PBXGroup</string>
			<key>name</key>
			<string>Supporting Files</string>
			<key>sourceTree</key>
			<string>&lt;group&gt;</string>
		</dict>
		<key>164B8B9F15DF0A640074D85E</key>
		<dict>
			<key>isa</key>
			<string>PBXFileReference</string>
			<key>lastKnownFileType</key>
			<string>text.plist.xml</string>
			<key>path</key>
			<string>PollMaster3k-Info.plist</string>
			<key>sourceTree</key>
			<string>&lt;group&gt;</string>
		</dict>
		<key>164B8BA015DF0A640074D85E</key>
		<dict>
			<key>children</key>
			<array>
				<string>164B8BA115DF0A640074D85E</string>
			</array>
			<key>isa</key>
			<string>PBXVariantGroup</string>
			<key>name</key>
			<string>InfoPlist.strings</string>
			<key>sourceTree</key>
			<string>&lt;group&gt;</string>
		</dict>
		<key>164B8BA115DF0A640074D85E</key>
		<dict>
			<key>isa</key>
			<string>PBXFileReference</string>
			<key>lastKnownFileType</key>
			<string>text.plist.strings</string>
			<key>name</key>
			<string>en</string>
			<key>path</key>
			<string>en.lproj/InfoPlist.strings</string>
			<key>sourceTree</key>
			<string>&lt;group&gt;</string>
		</dict>
		<key>164B8BA215DF0A640074D85E</key>
		<dict>
			<key>fileRef</key>
			<string>164B8BA015DF0A640074D85E</string>
			<key>isa</key>
			<string>PBXBuildFile</string>
		</dict>
		<key>164B8BA315DF0A640074D85E</key>
		<dict>
			<key>isa</key>
			<string>PBXFileReference</string>
			<key>lastKnownFileType</key>
			<string>sourcecode.c.objc</string>
			<key>path</key>
			<string>main.m</string>
			<key>sourceTree</key>
			<string>&lt;group&gt;</string>
		</dict>
		<key>164B8BA415DF0A640074D85E</key>
		<dict>
			<key>fileRef</key>
			<string>164B8BA315DF0A640074D85E</string>
			<key>isa</key>
			<string>PBXBuildFile</string>
		</dict>
		<key>164B8BA515DF0A640074D85E</key>
		<dict>
			<key>isa</key>
			<string>PBXFileReference</string>
			<key>lastKnownFileType</key>
			<string>sourcecode.c.h</string>
			<key>path</key>
			<string>PollMaster3k-Prefix.pch</string>
			<key>sourceTree</key>
			<string>&lt;group&gt;</string>
		</dict>
		<key>164B8BA615DF0A640074D85E</key>
		<dict>
			<key>isa</key>
			<string>PBXFileReference</string>
			<key>lastKnownFileType</key>
			<string>sourcecode.c.h</string>
			<key>path</key>
			<string>PMAppDelegate.h</string>
			<key>sourceTree</key>
			<string>&lt;group&gt;</string>
		</dict>
		<key>164B8BA715DF0A640074D85E</key>
		<dict>
			<key>isa</key>
			<string>PBXFileReference</string>
			<key>lastKnownFileType</key>
			<string>sourcecode.c.objc</string>
			<key>path</key>
			<string>PMAppDelegate.m</string>
			<key>sourceTree</key>
			<string>&lt;group&gt;</string>
		</dict>
		<key>164B8BA815DF0A640074D85E</key>
		<dict>
			<key>fileRef</key>
			<string>164B8BA715DF0A640074D85E</string>
			<key>isa</key>
			<string>PBXBuildFile</string>
		</dict>
		<key>164B8BAF15DF0A640074D85E</key>
		<dict>
			<key>buildSettings</key>
			<dict>
				<key>ALWAYS_SEARCH_USER_PATHS</key>
				<string>NO</string>
				<key>ARCHS</key>
				<string>$(ARCHS_STANDARD_32_BIT)</string>
				<key>CLANG_CXX_LANGUAGE_STANDARD</key>
				<string>gnu++0x</string>
				<key>CLANG_ENABLE_OBJC_ARC</key>
				<string>YES</string>
				<key>CLANG_WARN__DUPLICATE_METHOD_MATCH</key>
				<string>YES</string>
				<key>CODE_SIGN_IDENTITY[sdk=iphoneos*]</key>
				<string>iPhone Developer</string>
				<key>COPY_PHASE_STRIP</key>
				<string>NO</string>
				<key>GCC_C_LANGUAGE_STANDARD</key>
				<string>gnu99</string>
				<key>GCC_DYNAMIC_NO_PIC</key>
				<string>NO</string>
				<key>GCC_OPTIMIZATION_LEVEL</key>
				<string>0</string>
				<key>GCC_PREPROCESSOR_DEFINITIONS</key>
				<array>
					<string>DEBUG=1</string>
					<string>$(inherited)</string>
				</array>
				<key>GCC_SYMBOLS_PRIVATE_EXTERN</key>
				<string>NO</string>
				<key>GCC_VERSION</key>
				<string>com.apple.compilers.llvm.clang.1_0</string>
				<key>GCC_WARN_ABOUT_RETURN_TYPE</key>
				<string>YES</string>
				<key>GCC_WARN_UNINITIALIZED_AUTOS</key>
				<string>YES</string>
				<key>GCC_WARN_UNUSED_VARIABLE</key>
				<string>YES</string>
				<key>IPHONEOS_DEPLOYMENT_TARGET</key>
				<string>5.1</string>
				<key>SDKROOT</key>
				<string>iphoneos</string>
			</dict>
			<key>isa</key>
			<string>XCBuildConfiguration</string>
			<key>name</key>
			<string>Debug</string>
		</dict>
		<key>164B8BB015DF0A640074D85E</key>
		<dict>
			<key>buildSettings</key>
			<dict>
				<key>ALWAYS_SEARCH_USER_PATHS</key>
				<string>NO</string>
				<key>ARCHS</key>
				<string>$(ARCHS_STANDARD_32_BIT)</string>
				<key>CLANG_CXX_LANGUAGE_STANDARD</key>
				<string>gnu++0x</string>
				<key>CLANG_ENABLE_OBJC_ARC</key>
				<string>YES</string>
				<key>CLANG_WARN__DUPLICATE_METHOD_MATCH</key>
				<string>YES</string>
				<key>CODE_SIGN_IDENTITY[sdk=iphoneos*]</key>
				<string>iPhone Developer</string>
				<key>COPY_PHASE_STRIP</key>
				<string>YES</string>
				<key>GCC_C_LANGUAGE_STANDARD</key>
				<string>gnu99</string>
				<key>GCC_VERSION</key>
				<string>com.apple.compilers.llvm.clang.1_0</string>
				<key>GCC_WARN_ABOUT_RETURN_TYPE</key>
				<string>YES</string>
				<key>GCC_WARN_UNINITIALIZED_AUTOS</key>
				<string>YES</string>
				<key>GCC_WARN_UNUSED_VARIABLE</key>
				<string>YES</string>
				<key>IPHONEOS_DEPLOYMENT_TARGET</key>
				<string>5.1</string>
				<key>OTHER_CFLAGS</key>
				<string>-DNS_BLOCK_ASSERTIONS=1</string>
				<key>SDKROOT</key>
				<string>iphoneos</string>
				<key>VALIDATE_PRODUCT</key>
				<string>YES</string>
			</dict>
			<key>isa</key>
			<string>XCBuildConfiguration</string>
			<key>name</key>
			<string>Release</string>
		</dict>
		<key>164B8BB115DF0A640074D85E</key>
		<dict>
			<key>buildConfigurations</key>
			<array>
				<string>164B8BB215DF0A640074D85E</string>
				<string>164B8BB315DF0A640074D85E</string>
			</array>
			<key>defaultConfigurationIsVisible</key>
			<string>0</string>
			<key>defaultConfigurationName</key>
			<string>Release</string>
			<key>isa</key>
			<string>XCConfigurationList</string>
		</dict>
		<key>164B8BB215DF0A640074D85E</key>
		<dict>
			<key>baseConfigurationReference</key>
			<string>8D795E0F94ED4DF2983613B5</string>
			<key>buildSettings</key>
			<dict>
				<key>FRAMEWORK_SEARCH_PATHS</key>
				<array>
					<string>$(inherited)</string>
					<string>"$(SRCROOT)"</string>
				</array>
				<key>GCC_PRECOMPILE_PREFIX_HEADER</key>
				<string>YES</string>
				<key>GCC_PREFIX_HEADER</key>
				<string>PollMaster3k/PollMaster3k-Prefix.pch</string>
				<key>INFOPLIST_FILE</key>
				<string>PollMaster3k/PollMaster3k-Info.plist</string>
				<key>PRODUCT_NAME</key>
				<string>$(TARGET_NAME)</string>
				<key>WRAPPER_EXTENSION</key>
				<string>app</string>
			</dict>
			<key>isa</key>
			<string>XCBuildConfiguration</string>
			<key>name</key>
			<string>Debug</string>
		</dict>
		<key>164B8BB315DF0A640074D85E</key>
		<dict>
			<key>baseConfigurationReference</key>
			<string>8D795E0F94ED4DF2983613B5</string>
			<key>buildSettings</key>
			<dict>
				<key>FRAMEWORK_SEARCH_PATHS</key>
				<array>
					<string>$(inherited)</string>
					<string>"$(SRCROOT)"</string>
				</array>
				<key>GCC_PRECOMPILE_PREFIX_HEADER</key>
				<string>YES</string>
				<key>GCC_PREFIX_HEADER</key>
				<string>PollMaster3k/PollMaster3k-Prefix.pch</string>
				<key>INFOPLIST_FILE</key>
				<string>PollMaster3k/PollMaster3k-Info.plist</string>
				<key>PRODUCT_NAME</key>
				<string>$(TARGET_NAME)</string>
				<key>WRAPPER_EXTENSION</key>
				<string>app</string>
			</dict>
			<key>isa</key>
			<string>XCBuildConfiguration</string>
			<key>name</key>
			<string>Release</string>
		</dict>
		<key>164B8BB415DF0B250074D85E</key>
		<dict>
			<key>fileEncoding</key>
			<string>4</string>
			<key>isa</key>
			<string>PBXFileReference</string>
			<key>lastKnownFileType</key>
			<string>sourcecode.c.h</string>
			<key>name</key>
			<string>CreateQuestionViewController.h</string>
			<key>path</key>
			<string>../CreateQuestionViewController.h</string>
			<key>sourceTree</key>
			<string>&lt;group&gt;</string>
		</dict>
		<key>164B8BB515DF0B250074D85E</key>
		<dict>
			<key>fileEncoding</key>
			<string>4</string>
			<key>isa</key>
			<string>PBXFileReference</string>
			<key>lastKnownFileType</key>
			<string>sourcecode.c.objc</string>
			<key>name</key>
			<string>CreateQuestionViewController.m</string>
			<key>path</key>
			<string>../CreateQuestionViewController.m</string>
			<key>sourceTree</key>
			<string>&lt;group&gt;</string>
		</dict>
		<key>164B8BB615DF0B250074D85E</key>
		<dict>
			<key>fileEncoding</key>
			<string>4</string>
			<key>isa</key>
			<string>PBXFileReference</string>
			<key>lastKnownFileType</key>
			<string>file.xib</string>
			<key>name</key>
			<string>CreateQuestionViewController.xib</string>
			<key>path</key>
			<string>../CreateQuestionViewController.xib</string>
			<key>sourceTree</key>
			<string>&lt;group&gt;</string>
		</dict>
		<key>164B8BB715DF0B250074D85E</key>
		<dict>
			<key>fileRef</key>
			<string>164B8BB515DF0B250074D85E</string>
			<key>isa</key>
			<string>PBXBuildFile</string>
		</dict>
		<key>164B8BB815DF0B250074D85E</key>
		<dict>
			<key>fileRef</key>
			<string>164B8BB615DF0B250074D85E</string>
			<key>isa</key>
			<string>PBXBuildFile</string>
		</dict>
		<key>164B8BBD15DF0D310074D85E</key>
		<dict>
			<key>includeInIndex</key>
			<string>1</string>
			<key>isa</key>
			<string>PBXFileReference</string>
			<key>lastKnownFileType</key>
			<string>wrapper.framework</string>
			<key>name</key>
			<string>Parse.framework</string>
			<key>path</key>
			<string>Parse.framework</string>
			<key>sourceTree</key>
			<string>&lt;group&gt;</string>
		</dict>
		<key>164B8BBE15DF0D310074D85E</key>
		<dict>
			<key>fileRef</key>
			<string>164B8BBD15DF0D310074D85E</string>
			<key>isa</key>
			<string>PBXBuildFile</string>
		</dict>
		<key>164B8BBF15DF0D6D0074D85E</key>
		<dict>
			<key>includeInIndex</key>
			<string>1</string>
			<key>isa</key>
			<string>PBXFileReference</string>
			<key>lastKnownFileType</key>
			<string>wrapper.framework</string>
			<key>name</key>
			<string>AudioToolbox.framework</string>
			<key>path</key>
			<string>System/Library/Frameworks/AudioToolbox.framework</string>
			<key>sourceTree</key>
			<string>SDKROOT</string>
		</dict>
		<key>164B8BC015DF0D6D0074D85E</key>
		<dict>
			<key>fileRef</key>
			<string>164B8BBF15DF0D6D0074D85E</string>
			<key>isa</key>
			<string>PBXBuildFile</string>
		</dict>
		<key>164B8BC115DF0D7A0074D85E</key>
		<dict>
			<key>includeInIndex</key>
			<string>1</string>
			<key>isa</key>
			<string>PBXFileReference</string>
			<key>lastKnownFileType</key>
			<string>wrapper.framework</string>
			<key>name</key>
			<string>CFNetwork.framework</string>
			<key>path</key>
			<string>System/Library/Frameworks/CFNetwork.framework</string>
			<key>sourceTree</key>
			<string>SDKROOT</string>
		</dict>
		<key>164B8BC215DF0D7A0074D85E</key>
		<dict>
			<key>fileRef</key>
			<string>164B8BC115DF0D7A0074D85E</string>
			<key>isa</key>
			<string>PBXBuildFile</string>
		</dict>
		<key>164B8BC315DF0D860074D85E</key>
		<dict>
			<key>includeInIndex</key>
			<string>1</string>
			<key>isa</key>
			<string>PBXFileReference</string>
			<key>lastKnownFileType</key>
			<string>compiled.mach-o.dylib</string>
			<key>name</key>
			<string>libz.1.1.3.dylib</string>
			<key>path</key>
			<string>usr/lib/libz.1.1.3.dylib</string>
			<key>sourceTree</key>
			<string>SDKROOT</string>
		</dict>
		<key>164B8BC415DF0D860074D85E</key>
		<dict>
			<key>fileRef</key>
			<string>164B8BC315DF0D860074D85E</string>
			<key>isa</key>
			<string>PBXBuildFile</string>
		</dict>
		<key>164B8BC515DF0D8F0074D85E</key>
		<dict>
			<key>includeInIndex</key>
			<string>1</string>
			<key>isa</key>
			<string>PBXFileReference</string>
			<key>lastKnownFileType</key>
			<string>wrapper.framework</string>
			<key>name</key>
			<string>MobileCoreServices.framework</string>
			<key>path</key>
			<string>System/Library/Frameworks/MobileCoreServices.framework</string>
			<key>sourceTree</key>
			<string>SDKROOT</string>
		</dict>
		<key>164B8BC615DF0D8F0074D85E</key>
		<dict>
			<key>fileRef</key>
			<string>164B8BC515DF0D8F0074D85E</string>
			<key>isa</key>
			<string>PBXBuildFile</string>
		</dict>
		<key>164B8BC715DF0D980074D85E</key>
		<dict>
			<key>includeInIndex</key>
			<string>1</string>
			<key>isa</key>
			<string>PBXFileReference</string>
			<key>lastKnownFileType</key>
			<string>wrapper.framework</string>
			<key>name</key>
			<string>QuartzCore.framework</string>
			<key>path</key>
			<string>System/Library/Frameworks/QuartzCore.framework</string>
			<key>sourceTree</key>
			<string>SDKROOT</string>
		</dict>
		<key>164B8BC815DF0D980074D85E</key>
		<dict>
			<key>fileRef</key>
			<string>164B8BC715DF0D980074D85E</string>
			<key>isa</key>
			<string>PBXBuildFile</string>
		</dict>
		<key>164B8BC915DF0D9E0074D85E</key>
		<dict>
			<key>includeInIndex</key>
			<string>1</string>
			<key>isa</key>
			<string>PBXFileReference</string>
			<key>lastKnownFileType</key>
			<string>wrapper.framework</string>
			<key>name</key>
			<string>Security.framework</string>
			<key>path</key>
			<string>System/Library/Frameworks/Security.framework</string>
			<key>sourceTree</key>
			<string>SDKROOT</string>
		</dict>
		<key>164B8BCA15DF0D9E0074D85E</key>
		<dict>
			<key>fileRef</key>
			<string>164B8BC915DF0D9E0074D85E</string>
			<key>isa</key>
			<string>PBXBuildFile</string>
		</dict>
		<key>164B8BCB15DF0DA40074D85E</key>
		<dict>
			<key>includeInIndex</key>
			<string>1</string>
			<key>isa</key>
			<string>PBXFileReference</string>
			<key>lastKnownFileType</key>
			<string>wrapper.framework</string>
			<key>name</key>
			<string>StoreKit.framework</string>
			<key>path</key>
			<string>System/Library/Frameworks/StoreKit.framework</string>
			<key>sourceTree</key>
			<string>SDKROOT</string>
		</dict>
		<key>164B8BCC15DF0DA40074D85E</key>
		<dict>
			<key>fileRef</key>
			<string>164B8BCB15DF0DA40074D85E</string>
			<key>isa</key>
			<string>PBXBuildFile</string>
		</dict>
		<key>164B8BCD15DF0DAB0074D85E</key>
		<dict>
			<key>includeInIndex</key>
			<string>1</string>
			<key>isa</key>
			<string>PBXFileReference</string>
			<key>lastKnownFileType</key>
			<string>wrapper.framework</string>
			<key>name</key>
			<string>SystemConfiguration.framework</string>
			<key>path</key>
			<string>System/Library/Frameworks/SystemConfiguration.framework</string>
			<key>sourceTree</key>
			<string>SDKROOT</string>
		</dict>
		<key>164B8BCE15DF0DAB0074D85E</key>
		<dict>
			<key>fileRef</key>
			<string>164B8BCD15DF0DAB0074D85E</string>
			<key>isa</key>
			<string>PBXBuildFile</string>
		</dict>
		<key>164B8BCF15DF1D2A0074D85E</key>
		<dict>
			<key>fileEncoding</key>
			<string>4</string>
			<key>isa</key>
			<string>PBXFileReference</string>
			<key>lastKnownFileType</key>
			<string>sourcecode.c.h</string>
			<key>path</key>
			<string>AllQuestionsViewController.h</string>
			<key>sourceTree</key>
			<string>&lt;group&gt;</string>
		</dict>
		<key>164B8BD015DF1D2A0074D85E</key>
		<dict>
			<key>fileEncoding</key>
			<string>4</string>
			<key>isa</key>
			<string>PBXFileReference</string>
			<key>lastKnownFileType</key>
			<string>sourcecode.c.objc</string>
			<key>path</key>
			<string>AllQuestionsViewController.m</string>
			<key>sourceTree</key>
			<string>&lt;group&gt;</string>
		</dict>
		<key>164B8BD115DF1D2B0074D85E</key>
		<dict>
			<key>fileEncoding</key>
			<string>4</string>
			<key>isa</key>
			<string>PBXFileReference</string>
			<key>lastKnownFileType</key>
			<string>file.xib</string>
			<key>path</key>
			<string>AllQuestionsViewController.xib</string>
			<key>sourceTree</key>
			<string>&lt;group&gt;</string>
		</dict>
		<key>164B8BD215DF1D2B0074D85E</key>
		<dict>
			<key>fileRef</key>
			<string>164B8BD015DF1D2A0074D85E</string>
			<key>isa</key>
			<string>PBXBuildFile</string>
		</dict>
		<key>164B8BD315DF1D2B0074D85E</key>
		<dict>
			<key>fileRef</key>
			<string>164B8BD115DF1D2B0074D85E</string>
			<key>isa</key>
			<string>PBXBuildFile</string>
		</dict>
		<key>164B8BE315DF2C140074D85E</key>
		<dict>
			<key>fileEncoding</key>
			<string>4</string>
			<key>isa</key>
			<string>PBXFileReference</string>
			<key>lastKnownFileType</key>
			<string>sourcecode.c.h</string>
			<key>name</key>
			<string>VoteViewController.h</string>
			<key>path</key>
			<string>../VoteViewController.h</string>
			<key>sourceTree</key>
			<string>&lt;group&gt;</string>
		</dict>
		<key>164B8BE415DF2C140074D85E</key>
		<dict>
			<key>fileEncoding</key>
			<string>4</string>
			<key>isa</key>
			<string>PBXFileReference</string>
			<key>lastKnownFileType</key>
			<string>sourcecode.c.objc</string>
			<key>name</key>
			<string>VoteViewController.m</string>
			<key>path</key>
			<string>../VoteViewController.m</string>
			<key>sourceTree</key>
			<string>&lt;group&gt;</string>
		</dict>
		<key>164B8BE515DF2C150074D85E</key>
		<dict>
			<key>fileEncoding</key>
			<string>4</string>
			<key>isa</key>
			<string>PBXFileReference</string>
			<key>lastKnownFileType</key>
			<string>file.xib</string>
			<key>name</key>
			<string>VoteViewController.xib</string>
			<key>path</key>
			<string>../VoteViewController.xib</string>
			<key>sourceTree</key>
			<string>&lt;group&gt;</string>
		</dict>
		<key>164B8BE615DF2C150074D85E</key>
		<dict>
			<key>fileRef</key>
			<string>164B8BE415DF2C140074D85E</string>
			<key>isa</key>
			<string>PBXBuildFile</string>
		</dict>
		<key>164B8BE715DF2C150074D85E</key>
		<dict>
			<key>fileRef</key>
			<string>164B8BE515DF2C150074D85E</string>
			<key>isa</key>
			<string>PBXBuildFile</string>
		</dict>
		<key>166ECE7215E1B27B00FE979D</key>
		<dict>
			<key>isa</key>
			<string>PBXFileReference</string>
			<key>lastKnownFileType</key>
			<string>image.png</string>
			<key>path</key>
			<string>117-todo.png</string>
			<key>sourceTree</key>
			<string>&lt;group&gt;</string>
		</dict>
		<key>166ECE7315E1B27B00FE979D</key>
		<dict>
			<key>fileRef</key>
			<string>166ECE7215E1B27B00FE979D</string>
			<key>isa</key>
			<string>PBXBuildFile</string>
		</dict>
		<key>166ECE7515E1B28500FE979D</key>
		<dict>
			<key>isa</key>
			<string>PBXFileReference</string>
			<key>lastKnownFileType</key>
			<string>image.png</string>
			<key>path</key>
			<string>122-stats.png</string>
			<key>sourceTree</key>
			<string>&lt;group&gt;</string>
		</dict>
		<key>166ECE7615E1B28500FE979D</key>
		<dict>
			<key>fileRef</key>
			<string>166ECE7515E1B28500FE979D</string>
			<key>isa</key>
			<string>PBXBuildFile</string>
		</dict>
		<key>166ECE7715E1B2A400FE979D</key>
		<dict>
			<key>isa</key>
			<string>PBXFileReference</string>
			<key>lastKnownFileType</key>
			<string>image.png</string>
			<key>path</key>
			<string>187-pencil.png</string>
			<key>sourceTree</key>
			<string>&lt;group&gt;</string>
		</dict>
		<key>166ECE7815E1B2A400FE979D</key>
		<dict>
			<key>fileRef</key>
			<string>166ECE7715E1B2A400FE979D</string>
			<key>isa</key>
			<string>PBXBuildFile</string>
		</dict>
		<key>166ECE7915E2CD6A00FE979D</key>
		<dict>
			<key>fileEncoding</key>
			<string>4</string>
			<key>isa</key>
			<string>PBXFileReference</string>
			<key>lastKnownFileType</key>
			<string>sourcecode.c.h</string>
			<key>path</key>
			<string>ResultsViewController.h</string>
			<key>sourceTree</key>
			<string>&lt;group&gt;</string>
		</dict>
		<key>166ECE7A15E2CD6A00FE979D</key>
		<dict>
			<key>fileEncoding</key>
			<string>4</string>
			<key>isa</key>
			<string>PBXFileReference</string>
			<key>lastKnownFileType</key>
			<string>sourcecode.c.objc</string>
			<key>path</key>
			<string>ResultsViewController.m</string>
			<key>sourceTree</key>
			<string>&lt;group&gt;</string>
		</dict>
		<key>166ECE7B15E2CD6A00FE979D</key>
		<dict>
			<key>fileEncoding</key>
			<string>4</string>
			<key>isa</key>
			<string>PBXFileReference</string>
			<key>lastKnownFileType</key>
			<string>file.xib</string>
			<key>path</key>
			<string>ResultsViewController.xib</string>
			<key>sourceTree</key>
			<string>&lt;group&gt;</string>
		</dict>
		<key>166ECE7C15E2CD6A00FE979D</key>
		<dict>
			<key>fileRef</key>
			<string>166ECE7A15E2CD6A00FE979D</string>
			<key>isa</key>
			<string>PBXBuildFile</string>
		</dict>
		<key>166ECE7D15E2CD6A00FE979D</key>
		<dict>
			<key>fileRef</key>
			<string>166ECE7B15E2CD6A00FE979D</string>
			<key>isa</key>
			<string>PBXBuildFile</string>
		</dict>
		<key>166ECE7E15E2DD0B00FE979D</key>
		<dict>
			<key>isa</key>
			<string>PBXFileReference</string>
			<key>lastKnownFileType</key>
			<string>image.png</string>
			<key>path</key>
			<string>17-bar-chart.png</string>
			<key>sourceTree</key>
			<string>&lt;group&gt;</string>
		</dict>
		<key>166ECE7F15E2DD0B00FE979D</key>
		<dict>
			<key>fileRef</key>
			<string>166ECE7E15E2DD0B00FE979D</string>
			<key>isa</key>
			<string>PBXBuildFile</string>
		</dict>
		<key>166ECE8015E2DD2200FE979D</key>
		<dict>
			<key>children</key>
			<array>
				<string>166ECE7515E1B28500FE979D</string>
				<string>166ECE7715E1B2A400FE979D</string>
				<string>166ECE7215E1B27B00FE979D</string>
				<string>166ECE7E15E2DD0B00FE979D</string>
			</array>
			<key>isa</key>
			<string>PBXGroup</string>
			<key>name</key>
			<string>Images</string>
			<key>sourceTree</key>
			<string>&lt;group&gt;</string>
		</dict>
		<key>5B0E7B35996D4011B3D5E40D</key>
		<dict>
			<key>buildActionMask</key>
			<string>2147483647</string>
			<key>files</key>
			<array/>
			<key>inputPaths</key>
			<array/>
			<key>isa</key>
			<string>PBXShellScriptBuildPhase</string>
			<key>name</key>
			<string>Copy Pods Resources</string>
			<key>outputPaths</key>
			<array/>
			<key>runOnlyForDeploymentPostprocessing</key>
			<string>0</string>
			<key>shellPath</key>
			<string>/bin/sh</string>
			<key>shellScript</key>
			<string>"${SRCROOT}/Pods/Pods-resources.sh"
</string>
		</dict>
		<key>70512E4D14164E6B86D87DF3</key>
		<dict>
			<key>explicitFileType</key>
			<string>archive.ar</string>
			<key>includeInIndex</key>
			<string>0</string>
			<key>isa</key>
			<string>PBXFileReference</string>
			<key>name</key>
			<string>libPods.a</string>
			<key>path</key>
			<string>libPods.a</string>
			<key>sourceTree</key>
			<string>BUILT_PRODUCTS_DIR</string>
		</dict>
		<key>8D795E0F94ED4DF2983613B5</key>
		<dict>
			<key>includeInIndex</key>
			<string>1</string>
			<key>isa</key>
			<string>PBXFileReference</string>
			<key>lastKnownFileType</key>
			<string>text.xcconfig</string>
			<key>name</key>
			<string>Pods.xcconfig</string>
			<key>path</key>
			<string>Pods/Pods.xcconfig</string>
			<key>sourceTree</key>
			<string>SOURCE_ROOT</string>
		</dict>
		<key>B39507AED6754064A6C96E65</key>
		<dict>
			<key>fileRef</key>
			<string>70512E4D14164E6B86D87DF3</string>
			<key>isa</key>
			<string>PBXBuildFile</string>
		</dict>
	</dict>
	<key>rootObject</key>
	<string>164B8B8A15DF0A640074D85E</string>
</dict>
</plist>
